
Microsoft Visual Studio Solution File, Format Version 12.00
# Visual Studio Version 16
VisualStudioVersion = 16.0.31205.134
MinimumVisualStudioVersion = 10.0.40219.1
Project("{FAE04EC0-301F-11D3-BF4B-00C04F79EFBC}") = "RpgApplication", "RpgApplication\RpgApplication.csproj", "{F5A28711-B7BB-4D65-A9A6-3B70B94D7431}"
EndProject
Global
	GlobalSection(SolutionConfigurationPlatforms) = preSolution
		Debug|Any CPU = Debug|Any CPU
		Release|Any CPU = Release|Any CPU
	EndGlobalSection
	GlobalSection(ProjectConfigurationPlatforms) = postSolution
		{F5A28711-B7BB-4D65-A9A6-3B70B94D7431}.Debug|Any CPU.ActiveCfg = Debug|Any CPU
		{F5A28711-B7BB-4D65-A9A6-3B70B94D7431}.Debug|Any CPU.Build.0 = Debug|Any CPU
		{F5A28711-B7BB-4D65-A9A6-3B70B94D7431}.Release|Any CPU.ActiveCfg = Release|Any CPU
		{F5A28711-B7BB-4D65-A9A6-3B70B94D7431}.Release|Any CPU.Build.0 = Release|Any CPU
	EndGlobalSection
	GlobalSection(SolutionProperties) = preSolution
		HideSolutionNode = FALSE
	EndGlobalSection
	GlobalSection(ExtensibilityGlobals) = postSolution
		SolutionGuid = {44A33228-2BA6-4127-9971-AFB868B1FEB7}
	EndGlobalSection
EndGlobal
